{
    "_readme": [
        "This file locks the dependencies of your project to a known state",
        "Read more about it at https://getcomposer.org/doc/01-basic-usage.md#installing-dependencies",
        "This file is @generated automatically"
    ],
    "content-hash": "4a4a96e077d1d6bafe592e22842b97d1",
    "packages": [
        {
            "name": "tailwindphp/tailwindphp",
            "version": "v1.2.2",
            "source": {
                "type": "git",
                "url": "https://github.com/dnnsjsk/tailwindphp.git",
                "reference": "03f66b3c575cff109ffda494becedcb7f3e150c5"
            },
            "dist": {
                "type": "zip",
                "url": "https://api.github.com/repos/dnnsjsk/tailwindphp/zipball/03f66b3c575cff109ffda494becedcb7f3e150c5",
                "reference": "03f66b3c575cff109ffda494becedcb7f3e150c5",
                "shasum": ""
            },
            "require": {
                "php": "^8.2"
            },
            "require-dev": {
                "brianium/paratest": "^7.4",
                "laravel/pint": "^1.26",
                "phpstan/phpstan": "^2.1",
                "phpunit/phpunit": "^10.0"
            },
            "bin": [
                "bin/tailwindphp"
            ],
            "type": "library",
            "autoload": {
                "files": [
                    "src/_tailwindphp/LightningCss.php",
                    "src/_tailwindphp/CssMinifier.php",
                    "src/attribute-selector-parser.php",
                    "src/utils/segment.php",
                    "src/utils/escape.php",
                    "src/utils/default-map.php",
                    "src/utils/to-key-path.php",
                    "src/utils/brace-expansion.php",
                    "src/utils/compare.php",
                    "src/utils/compare-breakpoints.php",
                    "src/utils/dimensions.php",
                    "src/utils/topological-sort.php",
                    "src/utils/replace-shadow-colors.php",
                    "src/utils/is-color.php",
                    "src/utils/math-operators.php",
                    "src/utils/is-valid-arbitrary.php",
                    "src/utils/infer-data-type.php",
                    "src/ast.php",
                    "src/css-parser.php",
                    "src/walk.php",
                    "src/value-parser.php",
                    "src/selector-parser.php",
                    "src/constant-fold-declaration.php",
                    "src/property-order.php",
                    "src/expand-declaration.php",
                    "src/theme.php",
                    "src/utils/decode-arbitrary-value.php",
                    "src/candidate.php",
                    "src/compile.php",
                    "src/utilities.php",
                    "src/variants.php",
                    "src/design-system.php",
                    "src/apply.php",
                    "src/at-import.php",
                    "src/css-functions.php",
                    "src/plugin.php",
                    "src/plugin/plugins/typography-plugin.php",
                    "src/plugin/plugins/forms-plugin.php",
                    "src/index.php"
                ],
                "psr-4": {
                    "TailwindPHP\\": "src/"
                }
            },
            "notification-url": "https://packagist.org/downloads/",
            "license": [
                "MIT"
            ],
            "authors": [
                {
                    "name": "Dennis Josek"
                }
            ],
            "description": "A full port of TailwindCSS 4.x to PHP",
            "homepage": "https://github.com/dnnsjsk/tailwindphp",
            "keywords": [
                "css",
                "php",
                "tailwind",
                "tailwindcss",
                "utility-css"
            ],
            "support": {
                "issues": "https://github.com/dnnsjsk/tailwindphp/issues",
                "source": "https://github.com/dnnsjsk/tailwindphp"
            },
            "time": "2025-12-06T09:08:03+00:00"
        }
    ],
    "packages-dev": [],
    "aliases": [],
    "minimum-stability": "stable",
    "stability-flags": [],
    "prefer-stable": false,
    "prefer-lowest": false,
    "platform": [],
    "platform-dev": [],
    "plugin-api-version": "2.3.0"
}
